
Microsoft Visual Studio Solution File, Format Version 12.00
# Visual Studio Version 17
VisualStudioVersion = 17.9.34622.214
MinimumVisualStudioVersion = 10.0.40219.1
Project("{2150E333-8FDC-42A3-9474-1A3956D46DE8}") = "src", "src", "{36680B98-A4BD-474B-95F3-E933F1D1B931}"
EndProject
Project("{2150E333-8FDC-42A3-9474-1A3956D46DE8}") = "test", "test", "{026B60DD-3579-4A2C-AD89-84898DEC4BDC}"
EndProject
Project("{2150E333-8FDC-42A3-9474-1A3956D46DE8}") = "UI", "UI", "{F106219B-0ED7-40D7-B1C8-39DD123BF0C2}"
EndProject
Project("{2150E333-8FDC-42A3-9474-1A3956D46DE8}") = "Core", "Core", "{F9F8A4DE-512F-490B-BA32-B89625F4319F}"
EndProject
Project("{2150E333-8FDC-42A3-9474-1A3956D46DE8}") = "Infrastructure", "Infrastructure", "{8A89CEEF-0107-4C09-80CA-C163AD73A0DB}"
EndProject
Project("{2150E333-8FDC-42A3-9474-1A3956D46DE8}") = "API", "API", "{2468C8E0-B0ED-4007-899B-BF9DE358ADBF}"
EndProject
Project("{9A19103F-16F7-4668-BE54-9A1E7A4F7556}") = "HR.LeaveManagement.Domain", "HR.LeaveManagement.Domain\HR.LeaveManagement.Domain.csproj", "{5E2DF476-24A2-4ACA-AA5B-225CAE79F028}"
EndProject
Project("{9A19103F-16F7-4668-BE54-9A1E7A4F7556}") = "HR.LeaveManagement.Application", "HR.LeaveManagement.Application\HR.LeaveManagement.Application.csproj", "{667E2C52-528D-44EE-AECF-BB522523A77A}"
EndProject
Project("{9A19103F-16F7-4668-BE54-9A1E7A4F7556}") = "HR.LeaveManagement.Persistence", "HR.LeaveManagement.Infrastructure\HR.LeaveManagement.Persistence.csproj", "{C1431442-B43E-451B-ABE7-CA1F0399AD9B}"
EndProject
Project("{9A19103F-16F7-4668-BE54-9A1E7A4F7556}") = "HR.LeaveManagement.Infrastructur", "HR.LeaveManagement.Infrastructur\HR.LeaveManagement.Infrastructur.csproj", "{2305402C-2A55-48E7-8ADC-FAD1D5F31363}"
EndProject
Project("{FAE04EC0-301F-11D3-BF4B-00C04F79EFBC}") = "HR.LeaveManagement.API", "HR.LeaveManagement.API\HR.LeaveManagement.API.csproj", "{3C34216D-3EAA-44B0-AA05-1F7D637A7581}"
EndProject
Global
	GlobalSection(SolutionConfigurationPlatforms) = preSolution
		Debug|Any CPU = Debug|Any CPU
		Release|Any CPU = Release|Any CPU
	EndGlobalSection
	GlobalSection(ProjectConfigurationPlatforms) = postSolution
		{5E2DF476-24A2-4ACA-AA5B-225CAE79F028}.Debug|Any CPU.ActiveCfg = Debug|Any CPU
		{5E2DF476-24A2-4ACA-AA5B-225CAE79F028}.Debug|Any CPU.Build.0 = Debug|Any CPU
		{5E2DF476-24A2-4ACA-AA5B-225CAE79F028}.Release|Any CPU.ActiveCfg = Release|Any CPU
		{5E2DF476-24A2-4ACA-AA5B-225CAE79F028}.Release|Any CPU.Build.0 = Release|Any CPU
		{667E2C52-528D-44EE-AECF-BB522523A77A}.Debug|Any CPU.ActiveCfg = Debug|Any CPU
		{667E2C52-528D-44EE-AECF-BB522523A77A}.Debug|Any CPU.Build.0 = Debug|Any CPU
		{667E2C52-528D-44EE-AECF-BB522523A77A}.Release|Any CPU.ActiveCfg = Release|Any CPU
		{667E2C52-528D-44EE-AECF-BB522523A77A}.Release|Any CPU.Build.0 = Release|Any CPU
		{C1431442-B43E-451B-ABE7-CA1F0399AD9B}.Debug|Any CPU.ActiveCfg = Debug|Any CPU
		{C1431442-B43E-451B-ABE7-CA1F0399AD9B}.Debug|Any CPU.Build.0 = Debug|Any CPU
		{C1431442-B43E-451B-ABE7-CA1F0399AD9B}.Release|Any CPU.ActiveCfg = Release|Any CPU
		{C1431442-B43E-451B-ABE7-CA1F0399AD9B}.Release|Any CPU.Build.0 = Release|Any CPU
		{2305402C-2A55-48E7-8ADC-FAD1D5F31363}.Debug|Any CPU.ActiveCfg = Debug|Any CPU
		{2305402C-2A55-48E7-8ADC-FAD1D5F31363}.Debug|Any CPU.Build.0 = Debug|Any CPU
		{2305402C-2A55-48E7-8ADC-FAD1D5F31363}.Release|Any CPU.ActiveCfg = Release|Any CPU
		{2305402C-2A55-48E7-8ADC-FAD1D5F31363}.Release|Any CPU.Build.0 = Release|Any CPU
		{3C34216D-3EAA-44B0-AA05-1F7D637A7581}.Debug|Any CPU.ActiveCfg = Debug|Any CPU
		{3C34216D-3EAA-44B0-AA05-1F7D637A7581}.Debug|Any CPU.Build.0 = Debug|Any CPU
		{3C34216D-3EAA-44B0-AA05-1F7D637A7581}.Release|Any CPU.ActiveCfg = Release|Any CPU
		{3C34216D-3EAA-44B0-AA05-1F7D637A7581}.Release|Any CPU.Build.0 = Release|Any CPU
	EndGlobalSection
	GlobalSection(SolutionProperties) = preSolution
		HideSolutionNode = FALSE
	EndGlobalSection
	GlobalSection(NestedProjects) = preSolution
		{F106219B-0ED7-40D7-B1C8-39DD123BF0C2} = {36680B98-A4BD-474B-95F3-E933F1D1B931}
		{F9F8A4DE-512F-490B-BA32-B89625F4319F} = {36680B98-A4BD-474B-95F3-E933F1D1B931}
		{8A89CEEF-0107-4C09-80CA-C163AD73A0DB} = {36680B98-A4BD-474B-95F3-E933F1D1B931}
		{2468C8E0-B0ED-4007-899B-BF9DE358ADBF} = {36680B98-A4BD-474B-95F3-E933F1D1B931}
		{5E2DF476-24A2-4ACA-AA5B-225CAE79F028} = {F9F8A4DE-512F-490B-BA32-B89625F4319F}
		{667E2C52-528D-44EE-AECF-BB522523A77A} = {F9F8A4DE-512F-490B-BA32-B89625F4319F}
		{C1431442-B43E-451B-ABE7-CA1F0399AD9B} = {8A89CEEF-0107-4C09-80CA-C163AD73A0DB}
		{2305402C-2A55-48E7-8ADC-FAD1D5F31363} = {8A89CEEF-0107-4C09-80CA-C163AD73A0DB}
		{3C34216D-3EAA-44B0-AA05-1F7D637A7581} = {2468C8E0-B0ED-4007-899B-BF9DE358ADBF}
	EndGlobalSection
	GlobalSection(ExtensibilityGlobals) = postSolution
		SolutionGuid = {2697E65E-26FF-41D7-9D46-59946B745C1A}
	EndGlobalSection
EndGlobal
